// !$*UTF8*$!
{
	archiveVersion = 1;
	classes = {
	};
	objectVersion = 50;
	objects = {

/* Begin PBXBuildFile section */
		1D897E7A292126B40017A37C /* addController.swift in Sources */ = {isa = PBXBuildFile; fileRef = 1D897E79292126B40017A37C /* addController.swift */; };
		1D897E7C29212B860017A37C /* detailTacheController.swift in Sources */ = {isa = PBXBuildFile; fileRef = 1D897E7B29212B860017A37C /* detailTacheController.swift */; };
		1DD778BF295DF141001D24B5 /* todoCategory.swift in Sources */ = {isa = PBXBuildFile; fileRef = 1DD778BE295DF141001D24B5 /* todoCategory.swift */; };
		1DD778C1295DF31C001D24B5 /* ViewControllerCategory.swift in Sources */ = {isa = PBXBuildFile; fileRef = 1DD778C0295DF31C001D24B5 /* ViewControllerCategory.swift */; };
		1DF8559C295DFB3A00D91A52 /* addCategoryController.swift in Sources */ = {isa = PBXBuildFile; fileRef = 1DF8559B295DFB3A00D91A52 /* addCategoryController.swift */; };
		F953D04B29193195007034CC /* AppDelegate.swift in Sources */ = {isa = PBXBuildFile; fileRef = F953D04A29193195007034CC /* AppDelegate.swift */; };
		F953D04D29193195007034CC /* SceneDelegate.swift in Sources */ = {isa = PBXBuildFile; fileRef = F953D04C29193195007034CC /* SceneDelegate.swift */; };
		F953D04F29193195007034CC /* ViewController.swift in Sources */ = {isa = PBXBuildFile; fileRef = F953D04E29193195007034CC /* ViewController.swift */; };
		F953D05229193195007034CC /* Main.storyboard in Resources */ = {isa = PBXBuildFile; fileRef = F953D05029193195007034CC /* Main.storyboard */; };
		F953D05429193195007034CC /* Assets.xcassets in Resources */ = {isa = PBXBuildFile; fileRef = F953D05329193195007034CC /* Assets.xcassets */; };
		F953D05729193195007034CC /* LaunchScreen.storyboard in Resources */ = {isa = PBXBuildFile; fileRef = F953D05529193195007034CC /* LaunchScreen.storyboard */; };
		F953D060291934BF007034CC /* Todo.swift in Sources */ = {isa = PBXBuildFile; fileRef = F953D05F291934BF007034CC /* Todo.swift */; };
		F953D063291946D7007034CC /* TableViewCell.swift in Sources */ = {isa = PBXBuildFile; fileRef = F953D062291946D7007034CC /* TableViewCell.swift */; };
/* End PBXBuildFile section */

/* Begin PBXFileReference section */
		1D897E79292126B40017A37C /* addController.swift */ = {isa = PBXFileReference; lastKnownFileType = sourcecode.swift; path = addController.swift; sourceTree = "<group>"; };
		1D897E7B29212B860017A37C /* detailTacheController.swift */ = {isa = PBXFileReference; lastKnownFileType = sourcecode.swift; path = detailTacheController.swift; sourceTree = "<group>"; };
		1DD778BE295DF141001D24B5 /* todoCategory.swift */ = {isa = PBXFileReference; lastKnownFileType = sourcecode.swift; path = todoCategory.swift; sourceTree = "<group>"; };
		1DD778C0295DF31C001D24B5 /* ViewControllerCategory.swift */ = {isa = PBXFileReference; lastKnownFileType = sourcecode.swift; path = ViewControllerCategory.swift; sourceTree = "<group>"; };
		1DF8559B295DFB3A00D91A52 /* addCategoryController.swift */ = {isa = PBXFileReference; lastKnownFileType = sourcecode.swift; path = addCategoryController.swift; sourceTree = "<group>"; };
		F953D04729193195007034CC /* Projet tp.app */ = {isa = PBXFileReference; explicitFileType = wrapper.application; includeInIndex = 0; path = "Projet tp.app"; sourceTree = BUILT_PRODUCTS_DIR; };
		F953D04A29193195007034CC /* AppDelegate.swift */ = {isa = PBXFileReference; lastKnownFileType = sourcecode.swift; path = AppDelegate.swift; sourceTree = "<group>"; };
		F953D04C29193195007034CC /* SceneDelegate.swift */ = {isa = PBXFileReference; lastKnownFileType = sourcecode.swift; path = SceneDelegate.swift; sourceTree = "<group>"; };
		F953D04E29193195007034CC /* ViewController.swift */ = {isa = PBXFileReference; lastKnownFileType = sourcecode.swift; path = ViewController.swift; sourceTree = "<group>"; };
		F953D05129193195007034CC /* Base */ = {isa = PBXFileReference; lastKnownFileType = file.storyboard; name = Base; path = Base.lproj/Main.storyboard; sourceTree = "<group>"; };
		F953D05329193195007034CC /* Assets.xcassets */ = {isa = PBXFileReference; lastKnownFileType = folder.assetcatalog; path = Assets.xcassets; sourceTree = "<group>"; };
		F953D05629193195007034CC /* Base */ = {isa = PBXFileReference; lastKnownFileType = file.storyboard; name = Base; path = Base.lproj/LaunchScreen.storyboard; sourceTree = "<group>"; };
		F953D05829193195007034CC /* Info.plist */ = {isa = PBXFileReference; lastKnownFileType = text.plist.xml; path = Info.plist; sourceTree = "<group>"; };
		F953D05F291934BF007034CC /* Todo.swift */ = {isa = PBXFileReference; lastKnownFileType = sourcecode.swift; path = Todo.swift; sourceTree = "<group>"; };
		F953D062291946D7007034CC /* TableViewCell.swift */ = {isa = PBXFileReference; lastKnownFileType = sourcecode.swift; path = TableViewCell.swift; sourceTree = "<group>"; };
/* End PBXFileReference section */

/* Begin PBXFrameworksBuildPhase section */
		F953D04429193195007034CC /* Frameworks */ = {
			isa = PBXFrameworksBuildPhase;
			buildActionMask = 2147483647;
			files = (
			);
			runOnlyForDeploymentPostprocessing = 0;
		};
/* End PBXFrameworksBuildPhase section */

/* Begin PBXGroup section */
		F953D03E29193195007034CC = {
			isa = PBXGroup;
			children = (
				F953D04929193195007034CC /* Projet tp */,
				F953D04829193195007034CC /* Products */,
			);
			sourceTree = "<group>";
		};
		F953D04829193195007034CC /* Products */ = {
			isa = PBXGroup;
			children = (
				F953D04729193195007034CC /* Projet tp.app */,
			);
			name = Products;
			sourceTree = "<group>";
		};
		F953D04929193195007034CC /* Projet tp */ = {
			isa = PBXGroup;
			children = (
				F953D04A29193195007034CC /* AppDelegate.swift */,
				F953D04C29193195007034CC /* SceneDelegate.swift */,
				F953D04E29193195007034CC /* ViewController.swift */,
				1DD778C0295DF31C001D24B5 /* ViewControllerCategory.swift */,
				F953D05029193195007034CC /* Main.storyboard */,
				F953D062291946D7007034CC /* TableViewCell.swift */,
				F953D05329193195007034CC /* Assets.xcassets */,
				F953D05529193195007034CC /* LaunchScreen.storyboard */,
				F953D05829193195007034CC /* Info.plist */,
				F953D05F291934BF007034CC /* Todo.swift */,
				1D897E79292126B40017A37C /* addController.swift */,
				1DF8559B295DFB3A00D91A52 /* addCategoryController.swift */,
				1D897E7B29212B860017A37C /* detailTacheController.swift */,
				1DD778BE295DF141001D24B5 /* todoCategory.swift */,
			);
			path = "Projet tp";
			sourceTree = "<group>";
		};
/* End PBXGroup section */

/* Begin PBXNativeTarget section */
		F953D04629193195007034CC /* Projet tp */ = {
			isa = PBXNativeTarget;
			buildConfigurationList = F953D05B29193195007034CC /* Build configuration list for PBXNativeTarget "Projet tp" */;
			buildPhases = (
				F953D04329193195007034CC /* Sources */,
				F953D04429193195007034CC /* Frameworks */,
				F953D04529193195007034CC /* Resources */,
			);
			buildRules = (
			);
			dependencies = (
			);
			name = "Projet tp";
			productName = "Projet tp";
			productReference = F953D04729193195007034CC /* Projet tp.app */;
			productType = "com.apple.product-type.application";
		};
/* End PBXNativeTarget section */

/* Begin PBXProject section */
		F953D03F29193195007034CC /* Project object */ = {
			isa = PBXProject;
			attributes = {
				LastSwiftUpdateCheck = 1200;
				LastUpgradeCheck = 1200;
				TargetAttributes = {
					F953D04629193195007034CC = {
						CreatedOnToolsVersion = 12.0.1;
					};
				};
			};
			buildConfigurationList = F953D04229193195007034CC /* Build configuration list for PBXProject "Projet tp" */;
			compatibilityVersion = "Xcode 9.3";
			developmentRegion = en;
			hasScannedForEncodings = 0;
			knownRegions = (
				en,
				Base,
			);
			mainGroup = F953D03E29193195007034CC;
			productRefGroup = F953D04829193195007034CC /* Products */;
			projectDirPath = "";
			projectRoot = "";
			targets = (
				F953D04629193195007034CC /* Projet tp */,
			);
		};
/* End PBXProject section */

/* Begin PBXResourcesBuildPhase section */
		F953D04529193195007034CC /* Resources */ = {
			isa = PBXResourcesBuildPhase;
			buildActionMask = 2147483647;
			files = (
				F953D05729193195007034CC /* LaunchScreen.storyboard in Resources */,
				F953D05429193195007034CC /* Assets.xcassets in Resources */,
				F953D05229193195007034CC /* Main.storyboard in Resources */,
			);
			runOnlyForDeploymentPostprocessing = 0;
		};
/* End PBXResourcesBuildPhase section */

/* Begin PBXSourcesBuildPhase section */
		F953D04329193195007034CC /* Sources */ = {
			isa = PBXSourcesBuildPhase;
			buildActionMask = 2147483647;
			files = (
				F953D063291946D7007034CC /* TableViewCell.swift in Sources */,
				1DD778BF295DF141001D24B5 /* todoCategory.swift in Sources */,
				1D897E7A292126B40017A37C /* addController.swift in Sources */,
				F953D04F29193195007034CC /* ViewController.swift in Sources */,
				F953D04B29193195007034CC /* AppDelegate.swift in Sources */,
				1D897E7C29212B860017A37C /* detailTacheController.swift in Sources */,
				F953D04D29193195007034CC /* SceneDelegate.swift in Sources */,
				F953D060291934BF007034CC /* Todo.swift in Sources */,
				1DD778C1295DF31C001D24B5 /* ViewControllerCategory.swift in Sources */,
				1DF8559C295DFB3A00D91A52 /* addCategoryController.swift in Sources */,
			);
			runOnlyForDeploymentPostprocessing = 0;
		};
/* End PBXSourcesBuildPhase section */

/* Begin PBXVariantGroup section */
		F953D05029193195007034CC /* Main.storyboard */ = {
			isa = PBXVariantGroup;
			children = (
				F953D05129193195007034CC /* Base */,
			);
			name = Main.storyboard;
			sourceTree = "<group>";
		};
		F953D05529193195007034CC /* LaunchScreen.storyboard */ = {
			isa = PBXVariantGroup;
			children = (
				F953D05629193195007034CC /* Base */,
			);
			name = LaunchScreen.storyboard;
			sourceTree = "<group>";
		};
/* End PBXVariantGroup section */

/* Begin XCBuildConfiguration section */
		F953D05929193195007034CC /* Debug */ = {
			isa = XCBuildConfiguration;
			buildSettings = {
				ALWAYS_SEARCH_USER_PATHS = NO;
				CLANG_ANALYZER_NONNULL = YES;
				CLANG_ANALYZER_NUMBER_OBJECT_CONVERSION = YES_AGGRESSIVE;
				CLANG_CXX_LANGUAGE_STANDARD = "gnu++14";
				CLANG_CXX_LIBRARY = "libc++";
				CLANG_ENABLE_MODULES = YES;
				CLANG_ENABLE_OBJC_ARC = YES;
				CLANG_ENABLE_OBJC_WEAK = YES;
				CLANG_WARN_BLOCK_CAPTURE_AUTORELEASING = YES;
				CLANG_WARN_BOOL_CONVERSION = YES;
				CLANG_WARN_COMMA = YES;
				CLANG_WARN_CONSTANT_CONVERSION = YES;
				CLANG_WARN_DEPRECATED_OBJC_IMPLEMENTATIONS = YES;
				CLANG_WARN_DIRECT_OBJC_ISA_USAGE = YES_ERROR;
				CLANG_WARN_DOCUMENTATION_COMMENTS = YES;
				CLANG_WARN_EMPTY_BODY = YES;
				CLANG_WARN_ENUM_CONVERSION = YES;
				CLANG_WARN_INFINITE_RECURSION = YES;
				CLANG_WARN_INT_CONVERSION = YES;
				CLANG_WARN_NON_LITERAL_NULL_CONVERSION = YES;
				CLANG_WARN_OBJC_IMPLICIT_RETAIN_SELF = YES;
				CLANG_WARN_OBJC_LITERAL_CONVERSION = YES;
				CLANG_WARN_OBJC_ROOT_CLASS = YES_ERROR;
				CLANG_WARN_QUOTED_INCLUDE_IN_FRAMEWORK_HEADER = YES;
				CLANG_WARN_RANGE_LOOP_ANALYSIS = YES;
				CLANG_WARN_STRICT_PROTOTYPES = YES;
				CLANG_WARN_SUSPICIOUS_MOVE = YES;
				CLANG_WARN_UNGUARDED_AVAILABILITY = YES_AGGRESSIVE;
				CLANG_WARN_UNREACHABLE_CODE = YES;
				CLANG_WARN__DUPLICATE_METHOD_MATCH = YES;
				COPY_PHASE_STRIP = NO;
				DEBUG_INFORMATION_FORMAT = dwarf;
				ENABLE_STRICT_OBJC_MSGSEND = YES;
				ENABLE_TESTABILITY = YES;
				GCC_C_LANGUAGE_STANDARD = gnu11;
				GCC_DYNAMIC_NO_PIC = NO;
				GCC_NO_COMMON_BLOCKS = YES;
				GCC_OPTIMIZATION_LEVEL = 0;
				GCC_PREPROCESSOR_DEFINITIONS = (
					"DEBUG=1",
					"$(inherited)",
				);
				GCC_WARN_64_TO_32_BIT_CONVERSION = YES;
				GCC_WARN_ABOUT_RETURN_TYPE = YES_ERROR;
				GCC_WARN_UNDECLARED_SELECTOR = YES;
				GCC_WARN_UNINITIALIZED_AUTOS = YES_AGGRESSIVE;
				GCC_WARN_UNUSED_FUNCTION = YES;
				GCC_WARN_UNUSED_VARIABLE = YES;
				IPHONEOS_DEPLOYMENT_TARGET = 14.0;
				MTL_ENABLE_DEBUG_INFO = INCLUDE_SOURCE;
				MTL_FAST_MATH = YES;
				ONLY_ACTIVE_ARCH = YES;
				SDKROOT = iphoneos;
				SWIFT_ACTIVE_COMPILATION_CONDITIONS = DEBUG;
				SWIFT_OPTIMIZATION_LEVEL = "-Onone";
			};
			name = Debug;
		};
		F953D05A29193195007034CC /* Release */ = {
			isa = XCBuildConfiguration;
			buildSettings = {
				ALWAYS_SEARCH_USER_PATHS = NO;
				CLANG_ANALYZER_NONNULL = YES;
				CLANG_ANALYZER_NUMBER_OBJECT_CONVERSION = YES_AGGRESSIVE;
				CLANG_CXX_LANGUAGE_STANDARD = "gnu++14";
				CLANG_CXX_LIBRARY = "libc++";
				CLANG_ENABLE_MODULES = YES;
				CLANG_ENABLE_OBJC_ARC = YES;
				CLANG_ENABLE_OBJC_WEAK = YES;
				CLANG_WARN_BLOCK_CAPTURE_AUTORELEASING = YES;
				CLANG_WARN_BOOL_CONVERSION = YES;
				CLANG_WARN_COMMA = YES;
				CLANG_WARN_CONSTANT_CONVERSION = YES;
				CLANG_WARN_DEPRECATED_OBJC_IMPLEMENTATIONS = YES;
				CLANG_WARN_DIRECT_OBJC_ISA_USAGE = YES_ERROR;
				CLANG_WARN_DOCUMENTATION_COMMENTS = YES;
				CLANG_WARN_EMPTY_BODY = YES;
				CLANG_WARN_ENUM_CONVERSION = YES;
				CLANG_WARN_INFINITE_RECURSION = YES;
				CLANG_WARN_INT_CONVERSION = YES;
				CLANG_WARN_NON_LITERAL_NULL_CONVERSION = YES;
				CLANG_WARN_OBJC_IMPLICIT_RETAIN_SELF = YES;
				CLANG_WARN_OBJC_LITERAL_CONVERSION = YES;
				CLANG_WARN_OBJC_ROOT_CLASS = YES_ERROR;
				CLANG_WARN_QUOTED_INCLUDE_IN_FRAMEWORK_HEADER = YES;
				CLANG_WARN_RANGE_LOOP_ANALYSIS = YES;
				CLANG_WARN_STRICT_PROTOTYPES = YES;
				CLANG_WARN_SUSPICIOUS_MOVE = YES;
				CLANG_WARN_UNGUARDED_AVAILABILITY = YES_AGGRESSIVE;
				CLANG_WARN_UNREACHABLE_CODE = YES;
				CLANG_WARN__DUPLICATE_METHOD_MATCH = YES;
				COPY_PHASE_STRIP = NO;
				DEBUG_INFORMATION_FORMAT = "dwarf-with-dsym";
				ENABLE_NS_ASSERTIONS = NO;
				ENABLE_STRICT_OBJC_MSGSEND = YES;
				GCC_C_LANGUAGE_STANDARD = gnu11;
				GCC_NO_COMMON_BLOCKS = YES;
				GCC_WARN_64_TO_32_BIT_CONVERSION = YES;
				GCC_WARN_ABOUT_RETURN_TYPE = YES_ERROR;
				GCC_WARN_UNDECLARED_SELECTOR = YES;
				GCC_WARN_UNINITIALIZED_AUTOS = YES_AGGRESSIVE;
				GCC_WARN_UNUSED_FUNCTION = YES;
				GCC_WARN_UNUSED_VARIABLE = YES;
				IPHONEOS_DEPLOYMENT_TARGET = 14.0;
				MTL_ENABLE_DEBUG_INFO = NO;
				MTL_FAST_MATH = YES;
				SDKROOT = iphoneos;
				SWIFT_COMPILATION_MODE = wholemodule;
				SWIFT_OPTIMIZATION_LEVEL = "-O";
				VALIDATE_PRODUCT = YES;
			};
			name = Release;
		};
		F953D05C29193195007034CC /* Debug */ = {
			isa = XCBuildConfiguration;
			buildSettings = {
				ASSETCATALOG_COMPILER_APPICON_NAME = AppIcon;
				ASSETCATALOG_COMPILER_GLOBAL_ACCENT_COLOR_NAME = AccentColor;
				CODE_SIGN_STYLE = Automatic;
				INFOPLIST_FILE = "Projet tp/Info.plist";
				LD_RUNPATH_SEARCH_PATHS = (
					"$(inherited)",
					"@executable_path/Frameworks",
				);
				PRODUCT_BUNDLE_IDENTIFIER = "Pipo.Projet-tp";
				PRODUCT_NAME = "$(TARGET_NAME)";
				SWIFT_VERSION = 5.0;
				TARGETED_DEVICE_FAMILY = "1,2";
			};
			name = Debug;
		};
		F953D05D29193195007034CC /* Release */ = {
			isa = XCBuildConfiguration;
			buildSettings = {
				ASSETCATALOG_COMPILER_APPICON_NAME = AppIcon;
				ASSETCATALOG_COMPILER_GLOBAL_ACCENT_COLOR_NAME = AccentColor;
				CODE_SIGN_STYLE = Automatic;
				INFOPLIST_FILE = "Projet tp/Info.plist";
				LD_RUNPATH_SEARCH_PATHS = (
					"$(inherited)",
					"@executable_path/Frameworks",
				);
				PRODUCT_BUNDLE_IDENTIFIER = "Pipo.Projet-tp";
				PRODUCT_NAME = "$(TARGET_NAME)";
				SWIFT_VERSION = 5.0;
				TARGETED_DEVICE_FAMILY = "1,2";
			};
			name = Release;
		};
/* End XCBuildConfiguration section */

/* Begin XCConfigurationList section */
		F953D04229193195007034CC /* Build configuration list for PBXProject "Projet tp" */ = {
			isa = XCConfigurationList;
			buildConfigurations = (
				F953D05929193195007034CC /* Debug */,
				F953D05A29193195007034CC /* Release */,
			);
			defaultConfigurationIsVisible = 0;
			defaultConfigurationName = Release;
		};
		F953D05B29193195007034CC /* Build configuration list for PBXNativeTarget "Projet tp" */ = {
			isa = XCConfigurationList;
			buildConfigurations = (
				F953D05C29193195007034CC /* Debug */,
				F953D05D29193195007034CC /* Release */,
			);
			defaultConfigurationIsVisible = 0;
			defaultConfigurationName = Release;
		};
/* End XCConfigurationList section */
	};
	rootObject = F953D03F29193195007034CC /* Project object */;
}
